
Microsoft Visual Studio Solution File, Format Version 12.00
# Visual Studio Version 17
VisualStudioVersion = 17.14.36203.30
MinimumVisualStudioVersion = 10.0.40219.1
Project("{FAE04EC0-301F-11D3-BF4B-00C04F79EFBC}") = "PruebaTecnicaCamiloCadavid.Api", "PruebaTecnicaCamiloCadavid.Api\PruebaTecnicaCamiloCadavid.Api.csproj", "{BE582D0F-2B6D-4BE5-8B0C-B946D1283489}"
EndProject
Project("{FAE04EC0-301F-11D3-BF4B-00C04F79EFBC}") = "PruebaTecnicaCamiloCadavid.Domain", "PruebaTecnicaCamiloCadavid.Domain\PruebaTecnicaCamiloCadavid.Domain.csproj", "{5EAAB7AA-5ED9-4FE9-A908-289D14FD0632}"
EndProject
Project("{FAE04EC0-301F-11D3-BF4B-00C04F79EFBC}") = "PruebaTecnicaCamiloCadavid.Infra", "PruebaTecnicaCamiloCadavid.Infra\PruebaTecnicaCamiloCadavid.Infra.csproj", "{01F26C0E-8649-46B1-B678-9A7854EB61BC}"
EndProject
Project("{FAE04EC0-301F-11D3-BF4B-00C04F79EFBC}") = "PruebaTecnicaCamiloCadavid.App", "PruebaTecnicaCamiloCadavid.App\PruebaTecnicaCamiloCadavid.App.csproj", "{D5BB7584-43C8-402F-9EC0-F9ADF9834EF4}"
EndProject
Project("{FAE04EC0-301F-11D3-BF4B-00C04F79EFBC}") = "PruebaTecnicaCamiloCadavid.UnitTests", "PruebaTecnicaCamiloCadavid.UnitTests\PruebaTecnicaCamiloCadavid.UnitTests.csproj", "{6891A3FE-2C9D-4F0F-8F14-3AD4EA42CE3B}"
EndProject
Project("{FAE04EC0-301F-11D3-BF4B-00C04F79EFBC}") = "PruebaTecnicaCamiloCadavid.ApiTests", "PruebaTecnicaCamiloCadavid.ApiTests\PruebaTecnicaCamiloCadavid.ApiTests.csproj", "{89D5A65A-011F-44C1-995B-30A2FD9A1F14}"
EndProject
Global
	GlobalSection(SolutionConfigurationPlatforms) = preSolution
		Debug|Any CPU = Debug|Any CPU
		Release|Any CPU = Release|Any CPU
	EndGlobalSection
	GlobalSection(ProjectConfigurationPlatforms) = postSolution
		{BE582D0F-2B6D-4BE5-8B0C-B946D1283489}.Debug|Any CPU.ActiveCfg = Debug|Any CPU
		{BE582D0F-2B6D-4BE5-8B0C-B946D1283489}.Debug|Any CPU.Build.0 = Debug|Any CPU
		{BE582D0F-2B6D-4BE5-8B0C-B946D1283489}.Release|Any CPU.ActiveCfg = Release|Any CPU
		{BE582D0F-2B6D-4BE5-8B0C-B946D1283489}.Release|Any CPU.Build.0 = Release|Any CPU
		{5EAAB7AA-5ED9-4FE9-A908-289D14FD0632}.Debug|Any CPU.ActiveCfg = Debug|Any CPU
		{5EAAB7AA-5ED9-4FE9-A908-289D14FD0632}.Debug|Any CPU.Build.0 = Debug|Any CPU
		{5EAAB7AA-5ED9-4FE9-A908-289D14FD0632}.Release|Any CPU.ActiveCfg = Release|Any CPU
		{5EAAB7AA-5ED9-4FE9-A908-289D14FD0632}.Release|Any CPU.Build.0 = Release|Any CPU
		{01F26C0E-8649-46B1-B678-9A7854EB61BC}.Debug|Any CPU.ActiveCfg = Debug|Any CPU
		{01F26C0E-8649-46B1-B678-9A7854EB61BC}.Debug|Any CPU.Build.0 = Debug|Any CPU
		{01F26C0E-8649-46B1-B678-9A7854EB61BC}.Release|Any CPU.ActiveCfg = Release|Any CPU
		{01F26C0E-8649-46B1-B678-9A7854EB61BC}.Release|Any CPU.Build.0 = Release|Any CPU
		{D5BB7584-43C8-402F-9EC0-F9ADF9834EF4}.Debug|Any CPU.ActiveCfg = Debug|Any CPU
		{D5BB7584-43C8-402F-9EC0-F9ADF9834EF4}.Debug|Any CPU.Build.0 = Debug|Any CPU
		{D5BB7584-43C8-402F-9EC0-F9ADF9834EF4}.Release|Any CPU.ActiveCfg = Release|Any CPU
		{D5BB7584-43C8-402F-9EC0-F9ADF9834EF4}.Release|Any CPU.Build.0 = Release|Any CPU
		{6891A3FE-2C9D-4F0F-8F14-3AD4EA42CE3B}.Debug|Any CPU.ActiveCfg = Debug|Any CPU
		{6891A3FE-2C9D-4F0F-8F14-3AD4EA42CE3B}.Debug|Any CPU.Build.0 = Debug|Any CPU
		{6891A3FE-2C9D-4F0F-8F14-3AD4EA42CE3B}.Release|Any CPU.ActiveCfg = Release|Any CPU
		{6891A3FE-2C9D-4F0F-8F14-3AD4EA42CE3B}.Release|Any CPU.Build.0 = Release|Any CPU
		{89D5A65A-011F-44C1-995B-30A2FD9A1F14}.Debug|Any CPU.ActiveCfg = Debug|Any CPU
		{89D5A65A-011F-44C1-995B-30A2FD9A1F14}.Debug|Any CPU.Build.0 = Debug|Any CPU
		{89D5A65A-011F-44C1-995B-30A2FD9A1F14}.Release|Any CPU.ActiveCfg = Release|Any CPU
		{89D5A65A-011F-44C1-995B-30A2FD9A1F14}.Release|Any CPU.Build.0 = Release|Any CPU
	EndGlobalSection
	GlobalSection(SolutionProperties) = preSolution
		HideSolutionNode = FALSE
	EndGlobalSection
	GlobalSection(ExtensibilityGlobals) = postSolution
		SolutionGuid = {110CED99-3955-46DC-BFA4-AAA629FCF45D}
	EndGlobalSection
EndGlobal
